
Microsoft Visual Studio Solution File, Format Version 12.00
# Visual Studio Version 17
VisualStudioVersion = 17.14.36127.28
MinimumVisualStudioVersion = 10.0.40219.1
Project("{FAE04EC0-301F-11D3-BF4B-00C04F79EFBC}") = "CarBookingApp", "CarBookingApp\CarBookingApp.csproj", "{487328DF-34A3-4FF0-A34C-D1944414AA9B}"
EndProject
Project("{FAE04EC0-301F-11D3-BF4B-00C04F79EFBC}") = "CarBookingNew", "CarBookingNew\CarBookingNew.csproj", "{2D1DCB23-FC91-45F1-B37F-CC6E17F60CDF}"
EndProject
Global
	GlobalSection(SolutionConfigurationPlatforms) = preSolution
		Debug|Any CPU = Debug|Any CPU
		Release|Any CPU = Release|Any CPU
	EndGlobalSection
	GlobalSection(ProjectConfigurationPlatforms) = postSolution
		{487328DF-34A3-4FF0-A34C-D1944414AA9B}.Debug|Any CPU.ActiveCfg = Debug|Any CPU
		{487328DF-34A3-4FF0-A34C-D1944414AA9B}.Debug|Any CPU.Build.0 = Debug|Any CPU
		{487328DF-34A3-4FF0-A34C-D1944414AA9B}.Release|Any CPU.ActiveCfg = Release|Any CPU
		{487328DF-34A3-4FF0-A34C-D1944414AA9B}.Release|Any CPU.Build.0 = Release|Any CPU
		{2D1DCB23-FC91-45F1-B37F-CC6E17F60CDF}.Debug|Any CPU.ActiveCfg = Debug|Any CPU
		{2D1DCB23-FC91-45F1-B37F-CC6E17F60CDF}.Debug|Any CPU.Build.0 = Debug|Any CPU
		{2D1DCB23-FC91-45F1-B37F-CC6E17F60CDF}.Release|Any CPU.ActiveCfg = Release|Any CPU
		{2D1DCB23-FC91-45F1-B37F-CC6E17F60CDF}.Release|Any CPU.Build.0 = Release|Any CPU
	EndGlobalSection
	GlobalSection(SolutionProperties) = preSolution
		HideSolutionNode = FALSE
	EndGlobalSection
	GlobalSection(ExtensibilityGlobals) = postSolution
		SolutionGuid = {C1448D25-8AFD-497B-B189-EA8747F397EB}
	EndGlobalSection
EndGlobal
